
Microsoft Visual Studio Solution File, Format Version 12.00
# Visual Studio Version 17
VisualStudioVersion = 17.7.34009.444
MinimumVisualStudioVersion = 10.0.40219.1
Project("{FAE04EC0-301F-11D3-BF4B-00C04F79EFBC}") = "tsfBook", "tsfBook\tsfBook.csproj", "{D2130B00-2279-4D22-8067-A74D8915EAFD}"
EndProject
Global
	GlobalSection(SolutionConfigurationPlatforms) = preSolution
		Debug|Any CPU = Debug|Any CPU
		Release|Any CPU = Release|Any CPU
	EndGlobalSection
	GlobalSection(ProjectConfigurationPlatforms) = postSolution
		{D2130B00-2279-4D22-8067-A74D8915EAFD}.Debug|Any CPU.ActiveCfg = Debug|Any CPU
		{D2130B00-2279-4D22-8067-A74D8915EAFD}.Debug|Any CPU.Build.0 = Debug|Any CPU
		{D2130B00-2279-4D22-8067-A74D8915EAFD}.Release|Any CPU.ActiveCfg = Release|Any CPU
		{D2130B00-2279-4D22-8067-A74D8915EAFD}.Release|Any CPU.Build.0 = Release|Any CPU
	EndGlobalSection
	GlobalSection(SolutionProperties) = preSolution
		HideSolutionNode = FALSE
	EndGlobalSection
	GlobalSection(ExtensibilityGlobals) = postSolution
		SolutionGuid = {07BFF2F8-F192-4D79-B4CD-AFEAE8AF9734}
	EndGlobalSection
EndGlobal
